
Microsoft Visual Studio Solution File, Format Version 12.00
# Visual Studio 2013
VisualStudioVersion = 12.0.31101.0
MinimumVisualStudioVersion = 10.0.40219.1
Project("{FAE04EC0-301F-11D3-BF4B-00C04F79EFBC}") = "CoDelivery.Api", "CoDelivery.Api\CoDelivery.Api.csproj", "{29CCE3BA-D132-45DA-8BD7-CCBEB744D05C}"
EndProject
Project("{FAE04EC0-301F-11D3-BF4B-00C04F79EFBC}") = "CoDelivery.Api.Tests", "CoDelivery.Api.Tests\CoDelivery.Api.Tests.csproj", "{5740276E-AC58-4BEB-8772-E00AD2FCADB2}"
EndProject
Project("{FAE04EC0-301F-11D3-BF4B-00C04F79EFBC}") = "CoDelivery.Core", "CoDelivery.Core\CoDelivery.Core.csproj", "{B8EC0A56-173B-4140-841E-DB4646CDBFA6}"
EndProject
Project("{FAE04EC0-301F-11D3-BF4B-00C04F79EFBC}") = "CoDelivery.Api.IntegrationTests", "CoDelivery.Api.IntegrationTests\CoDelivery.Api.IntegrationTests.csproj", "{4BB3CA0E-A2E8-4A76-9335-9AFF16E7F72D}"
EndProject
Global
	GlobalSection(SolutionConfigurationPlatforms) = preSolution
		Debug|Any CPU = Debug|Any CPU
		Release|Any CPU = Release|Any CPU
	EndGlobalSection
	GlobalSection(ProjectConfigurationPlatforms) = postSolution
		{29CCE3BA-D132-45DA-8BD7-CCBEB744D05C}.Debug|Any CPU.ActiveCfg = Debug|Any CPU
		{29CCE3BA-D132-45DA-8BD7-CCBEB744D05C}.Debug|Any CPU.Build.0 = Debug|Any CPU
		{29CCE3BA-D132-45DA-8BD7-CCBEB744D05C}.Release|Any CPU.ActiveCfg = Release|Any CPU
		{29CCE3BA-D132-45DA-8BD7-CCBEB744D05C}.Release|Any CPU.Build.0 = Release|Any CPU
		{5740276E-AC58-4BEB-8772-E00AD2FCADB2}.Debug|Any CPU.ActiveCfg = Debug|Any CPU
		{5740276E-AC58-4BEB-8772-E00AD2FCADB2}.Debug|Any CPU.Build.0 = Debug|Any CPU
		{5740276E-AC58-4BEB-8772-E00AD2FCADB2}.Release|Any CPU.ActiveCfg = Release|Any CPU
		{5740276E-AC58-4BEB-8772-E00AD2FCADB2}.Release|Any CPU.Build.0 = Release|Any CPU
		{B8EC0A56-173B-4140-841E-DB4646CDBFA6}.Debug|Any CPU.ActiveCfg = Debug|Any CPU
		{B8EC0A56-173B-4140-841E-DB4646CDBFA6}.Debug|Any CPU.Build.0 = Debug|Any CPU
		{B8EC0A56-173B-4140-841E-DB4646CDBFA6}.Release|Any CPU.ActiveCfg = Release|Any CPU
		{B8EC0A56-173B-4140-841E-DB4646CDBFA6}.Release|Any CPU.Build.0 = Release|Any CPU
		{4BB3CA0E-A2E8-4A76-9335-9AFF16E7F72D}.Debug|Any CPU.ActiveCfg = Debug|Any CPU
		{4BB3CA0E-A2E8-4A76-9335-9AFF16E7F72D}.Debug|Any CPU.Build.0 = Debug|Any CPU
		{4BB3CA0E-A2E8-4A76-9335-9AFF16E7F72D}.Release|Any CPU.ActiveCfg = Release|Any CPU
		{4BB3CA0E-A2E8-4A76-9335-9AFF16E7F72D}.Release|Any CPU.Build.0 = Release|Any CPU
	EndGlobalSection
	GlobalSection(SolutionProperties) = preSolution
		HideSolutionNode = FALSE
	EndGlobalSection
EndGlobal
