
Microsoft Visual Studio Solution File, Format Version 12.00
# Visual Studio 2013
VisualStudioVersion = 12.0.31101.0
MinimumVisualStudioVersion = 10.0.40219.1
Project("{FAE04EC0-301F-11D3-BF4B-00C04F79EFBC}") = "DropBox.Api", "DropBox.Api\DropBox.Api.csproj", "{12F3C3ED-9CA1-4995-B4D6-8C27F7770FC8}"
EndProject
Global
	GlobalSection(SolutionConfigurationPlatforms) = preSolution
		Debug|Any CPU = Debug|Any CPU
		Release|Any CPU = Release|Any CPU
	EndGlobalSection
	GlobalSection(ProjectConfigurationPlatforms) = postSolution
		{12F3C3ED-9CA1-4995-B4D6-8C27F7770FC8}.Debug|Any CPU.ActiveCfg = Debug|Any CPU
		{12F3C3ED-9CA1-4995-B4D6-8C27F7770FC8}.Debug|Any CPU.Build.0 = Debug|Any CPU
		{12F3C3ED-9CA1-4995-B4D6-8C27F7770FC8}.Release|Any CPU.ActiveCfg = Release|Any CPU
		{12F3C3ED-9CA1-4995-B4D6-8C27F7770FC8}.Release|Any CPU.Build.0 = Release|Any CPU
	EndGlobalSection
	GlobalSection(SolutionProperties) = preSolution
		HideSolutionNode = FALSE
	EndGlobalSection
EndGlobal
